// !$*UTF8*$!
{
	archiveVersion = 1;
	classes = {
	};
	objectVersion = 56;
	objects = {

/* Begin PBXBuildFile section */
		8B9C6FB02903D4280076555D /* CoinStatisticComponent.swift in Sources */ = {isa = PBXBuildFile; fileRef = 8B9C6FAF2903D4270076555D /* CoinStatisticComponent.swift */; };
		8B9C6FB42903D57C0076555D /* CoinStatisticHighlightComponent.swift in Sources */ = {isa = PBXBuildFile; fileRef = 8B9C6FB32903D57C0076555D /* CoinStatisticHighlightComponent.swift */; };
		8B9C6FB62903D5D70076555D /* HomeVM.swift in Sources */ = {isa = PBXBuildFile; fileRef = 8B9C6FB52903D5D70076555D /* HomeVM.swift */; };
		8B9C6FB82903D8680076555D /* HomeView.swift in Sources */ = {isa = PBXBuildFile; fileRef = 8B9C6FB72903D8680076555D /* HomeView.swift */; };
		8B9C6FBA2903DA2C0076555D /* Assets.xcassets in Resources */ = {isa = PBXBuildFile; fileRef = 8B9C6FB92903DA2C0076555D /* Assets.xcassets */; };
		8B9C6FBF2903DECE0076555D /* HomeHeaderComponent.swift in Sources */ = {isa = PBXBuildFile; fileRef = 8B9C6FBE2903DECE0076555D /* HomeHeaderComponent.swift */; };
		8B9C6FC22903DF920076555D /* UpdateCoinPortfolioComponent.swift in Sources */ = {isa = PBXBuildFile; fileRef = 8B9C6FC12903DF920076555D /* UpdateCoinPortfolioComponent.swift */; };
		8B9C6FC4290403A70076555D /* AppMenuEnum.swift in Sources */ = {isa = PBXBuildFile; fileRef = 8B9C6FC3290403A70076555D /* AppMenuEnum.swift */; };
		8B9C6FC9290407C00076555D /* CoinDetailView.swift in Sources */ = {isa = PBXBuildFile; fileRef = 8B9C6FC8290407C00076555D /* CoinDetailView.swift */; };
		8B9C6FCB290411210076555D /* CoinPortfolioService.swift in Sources */ = {isa = PBXBuildFile; fileRef = 8B9C6FCA290411210076555D /* CoinPortfolioService.swift */; };
		8B9C6FCF2904222B0076555D /* CoinPortfolio.xcdatamodeld in Sources */ = {isa = PBXBuildFile; fileRef = 8B9C6FCD2904222B0076555D /* CoinPortfolio.xcdatamodeld */; };
		8B9C6FD12904566E0076555D /* AxisEnum.swift in Sources */ = {isa = PBXBuildFile; fileRef = 8B9C6FD02904566E0076555D /* AxisEnum.swift */; };
		8BCE03342903AA370084DFA9 /* ArfinanceApp.swift in Sources */ = {isa = PBXBuildFile; fileRef = 8BCE03332903AA370084DFA9 /* ArfinanceApp.swift */; };
		8BCE033B2903AA380084DFA9 /* Preview Assets.xcassets in Resources */ = {isa = PBXBuildFile; fileRef = 8BCE033A2903AA380084DFA9 /* Preview Assets.xcassets */; };
		8BCE034A2903AA380084DFA9 /* ArfinanceTests.swift in Sources */ = {isa = PBXBuildFile; fileRef = 8BCE03492903AA380084DFA9 /* ArfinanceTests.swift */; };
		8BCE03542903AA380084DFA9 /* ArfinanceUITests.swift in Sources */ = {isa = PBXBuildFile; fileRef = 8BCE03532903AA380084DFA9 /* ArfinanceUITests.swift */; };
		8BCE03562903AA380084DFA9 /* ArfinanceUITestsLaunchTests.swift in Sources */ = {isa = PBXBuildFile; fileRef = 8BCE03552903AA380084DFA9 /* ArfinanceUITestsLaunchTests.swift */; };
		8BCE03702903AC8B0084DFA9 /* CoinSortOptionEnum.swift in Sources */ = {isa = PBXBuildFile; fileRef = 8BCE036F2903AC8B0084DFA9 /* CoinSortOptionEnum.swift */; };
		8BCE03722903ACBB0084DFA9 /* ChevronDirectionEnum.swift in Sources */ = {isa = PBXBuildFile; fileRef = 8BCE03712903ACBB0084DFA9 /* ChevronDirectionEnum.swift */; };
		8BCE03762903ACE60084DFA9 /* Color.swift in Sources */ = {isa = PBXBuildFile; fileRef = 8BCE03752903ACE60084DFA9 /* Color.swift */; };
		8BCE03792903AD0C0084DFA9 /* Date.swift in Sources */ = {isa = PBXBuildFile; fileRef = 8BCE03782903AD0C0084DFA9 /* Date.swift */; };
		8BCE037B2903AD200084DFA9 /* Double.swift in Sources */ = {isa = PBXBuildFile; fileRef = 8BCE037A2903AD200084DFA9 /* Double.swift */; };
		8BCE037F2903AD500084DFA9 /* String.swift in Sources */ = {isa = PBXBuildFile; fileRef = 8BCE037E2903AD500084DFA9 /* String.swift */; };
		8BCE03812903AD690084DFA9 /* UIApplication.swift in Sources */ = {isa = PBXBuildFile; fileRef = 8BCE03802903AD690084DFA9 /* UIApplication.swift */; };
		8BCE03842903AD830084DFA9 /* View.swift in Sources */ = {isa = PBXBuildFile; fileRef = 8BCE03832903AD830084DFA9 /* View.swift */; };
		8BCE03882903ADFD0084DFA9 /* Coin.swift in Sources */ = {isa = PBXBuildFile; fileRef = 8BCE03872903ADFD0084DFA9 /* Coin.swift */; };
		8BCE038A2903AE380084DFA9 /* CoinDetail.swift in Sources */ = {isa = PBXBuildFile; fileRef = 8BCE03892903AE380084DFA9 /* CoinDetail.swift */; };
		8BCE038D2903AEEC0084DFA9 /* CoinGlobalMarket.swift in Sources */ = {isa = PBXBuildFile; fileRef = 8BCE038C2903AEEC0084DFA9 /* CoinGlobalMarket.swift */; };
		8BCE038F2903AFE70084DFA9 /* CoinStatistic.swift in Sources */ = {isa = PBXBuildFile; fileRef = 8BCE038E2903AFE70084DFA9 /* CoinStatistic.swift */; };
		8BCE03922903B07F0084DFA9 /* LocalFileManager.swift in Sources */ = {isa = PBXBuildFile; fileRef = 8BCE03912903B07F0084DFA9 /* LocalFileManager.swift */; };
		8BCE03942903B0C40084DFA9 /* NetworkManager.swift in Sources */ = {isa = PBXBuildFile; fileRef = 8BCE03932903B0C40084DFA9 /* NetworkManager.swift */; };
		8BCE03982903B6190084DFA9 /* CoinLogoComponent.swift in Sources */ = {isa = PBXBuildFile; fileRef = 8BCE03972903B6190084DFA9 /* CoinLogoComponent.swift */; };
		8BCE039A2903B6CB0084DFA9 /* DummyData.swift in Sources */ = {isa = PBXBuildFile; fileRef = 8BCE03992903B6CB0084DFA9 /* DummyData.swift */; };
		8BCE039C2903B8CD0084DFA9 /* CombineCancellable.swift in Sources */ = {isa = PBXBuildFile; fileRef = 8BCE039B2903B8CD0084DFA9 /* CombineCancellable.swift */; };
		8BCE03A12903BB000084DFA9 /* CoinService.swift in Sources */ = {isa = PBXBuildFile; fileRef = 8BCE03A02903BB000084DFA9 /* CoinService.swift */; };
		8BCE03A32903BCD10084DFA9 /* API.swift in Sources */ = {isa = PBXBuildFile; fileRef = 8BCE03A22903BCD10084DFA9 /* API.swift */; };
		8BCE03A62903C4A90084DFA9 /* CoinDetailVM.swift in Sources */ = {isa = PBXBuildFile; fileRef = 8BCE03A52903C4A90084DFA9 /* CoinDetailVM.swift */; };
		8BCE03A82903CF730084DFA9 /* SearchBarComponent.swift in Sources */ = {isa = PBXBuildFile; fileRef = 8BCE03A72903CF730084DFA9 /* SearchBarComponent.swift */; };
		8BCE03AA2903CF980084DFA9 /* XMarkButtonComponent.swift in Sources */ = {isa = PBXBuildFile; fileRef = 8BCE03A92903CF980084DFA9 /* XMarkButtonComponent.swift */; };
		8BCE03AC2903CFB10084DFA9 /* SortButtonComponent.swift in Sources */ = {isa = PBXBuildFile; fileRef = 8BCE03AB2903CFB10084DFA9 /* SortButtonComponent.swift */; };
		8BCE03AE2903CFC60084DFA9 /* CircleButtonComponent.swift in Sources */ = {isa = PBXBuildFile; fileRef = 8BCE03AD2903CFC60084DFA9 /* CircleButtonComponent.swift */; };
		8BCE03B02903CFDF0084DFA9 /* CoinListComponent.swift in Sources */ = {isa = PBXBuildFile; fileRef = 8BCE03AF2903CFDF0084DFA9 /* CoinListComponent.swift */; };
		8BCE03B22903CFF90084DFA9 /* CoinSymbolComponent.swift in Sources */ = {isa = PBXBuildFile; fileRef = 8BCE03B12903CFF90084DFA9 /* CoinSymbolComponent.swift */; };
		8BCE03B42903D06E0084DFA9 /* CoinRowComponent.swift in Sources */ = {isa = PBXBuildFile; fileRef = 8BCE03B32903D06E0084DFA9 /* CoinRowComponent.swift */; };
/* End PBXBuildFile section */

/* Begin PBXContainerItemProxy section */
		8BCE03462903AA380084DFA9 /* PBXContainerItemProxy */ = {
			isa = PBXContainerItemProxy;
			containerPortal = 8BCE03282903AA370084DFA9 /* Project object */;
			proxyType = 1;
			remoteGlobalIDString = 8BCE032F2903AA370084DFA9;
			remoteInfo = Arfinance;
		};
		8BCE03502903AA380084DFA9 /* PBXContainerItemProxy */ = {
			isa = PBXContainerItemProxy;
			containerPortal = 8BCE03282903AA370084DFA9 /* Project object */;
			proxyType = 1;
			remoteGlobalIDString = 8BCE032F2903AA370084DFA9;
			remoteInfo = Arfinance;
		};
/* End PBXContainerItemProxy section */

/* Begin PBXFileReference section */
		8B9C6FAF2903D4270076555D /* CoinStatisticComponent.swift */ = {isa = PBXFileReference; lastKnownFileType = sourcecode.swift; path = CoinStatisticComponent.swift; sourceTree = "<group>"; };
		8B9C6FB32903D57C0076555D /* CoinStatisticHighlightComponent.swift */ = {isa = PBXFileReference; lastKnownFileType = sourcecode.swift; path = CoinStatisticHighlightComponent.swift; sourceTree = "<group>"; };
		8B9C6FB52903D5D70076555D /* HomeVM.swift */ = {isa = PBXFileReference; lastKnownFileType = sourcecode.swift; path = HomeVM.swift; sourceTree = "<group>"; };
		8B9C6FB72903D8680076555D /* HomeView.swift */ = {isa = PBXFileReference; lastKnownFileType = sourcecode.swift; path = HomeView.swift; sourceTree = "<group>"; };
		8B9C6FB92903DA2C0076555D /* Assets.xcassets */ = {isa = PBXFileReference; lastKnownFileType = folder.assetcatalog; name = Assets.xcassets; path = "../../../Courses/Swiftful Thinking - SwiftUI/Arfinance/Arfinance/Assets.xcassets"; sourceTree = "<group>"; };
		8B9C6FBE2903DECE0076555D /* HomeHeaderComponent.swift */ = {isa = PBXFileReference; lastKnownFileType = sourcecode.swift; path = HomeHeaderComponent.swift; sourceTree = "<group>"; };
		8B9C6FC12903DF920076555D /* UpdateCoinPortfolioComponent.swift */ = {isa = PBXFileReference; lastKnownFileType = sourcecode.swift; path = UpdateCoinPortfolioComponent.swift; sourceTree = "<group>"; };
		8B9C6FC3290403A70076555D /* AppMenuEnum.swift */ = {isa = PBXFileReference; lastKnownFileType = sourcecode.swift; path = AppMenuEnum.swift; sourceTree = "<group>"; };
		8B9C6FC8290407C00076555D /* CoinDetailView.swift */ = {isa = PBXFileReference; lastKnownFileType = sourcecode.swift; path = CoinDetailView.swift; sourceTree = "<group>"; };
		8B9C6FCA290411210076555D /* CoinPortfolioService.swift */ = {isa = PBXFileReference; lastKnownFileType = sourcecode.swift; path = CoinPortfolioService.swift; sourceTree = "<group>"; };
		8B9C6FCE2904222B0076555D /* CoinPortfolio.xcdatamodel */ = {isa = PBXFileReference; lastKnownFileType = wrapper.xcdatamodel; path = CoinPortfolio.xcdatamodel; sourceTree = "<group>"; };
		8B9C6FD02904566E0076555D /* AxisEnum.swift */ = {isa = PBXFileReference; lastKnownFileType = sourcecode.swift; path = AxisEnum.swift; sourceTree = "<group>"; };
		8BCE03302903AA370084DFA9 /* Arfinance.app */ = {isa = PBXFileReference; explicitFileType = wrapper.application; includeInIndex = 0; path = Arfinance.app; sourceTree = BUILT_PRODUCTS_DIR; };
		8BCE03332903AA370084DFA9 /* ArfinanceApp.swift */ = {isa = PBXFileReference; lastKnownFileType = sourcecode.swift; path = ArfinanceApp.swift; sourceTree = "<group>"; };
		8BCE033A2903AA380084DFA9 /* Preview Assets.xcassets */ = {isa = PBXFileReference; lastKnownFileType = folder.assetcatalog; path = "Preview Assets.xcassets"; sourceTree = "<group>"; };
		8BCE03452903AA380084DFA9 /* ArfinanceTests.xctest */ = {isa = PBXFileReference; explicitFileType = wrapper.cfbundle; includeInIndex = 0; path = ArfinanceTests.xctest; sourceTree = BUILT_PRODUCTS_DIR; };
		8BCE03492903AA380084DFA9 /* ArfinanceTests.swift */ = {isa = PBXFileReference; lastKnownFileType = sourcecode.swift; path = ArfinanceTests.swift; sourceTree = "<group>"; };
		8BCE034F2903AA380084DFA9 /* ArfinanceUITests.xctest */ = {isa = PBXFileReference; explicitFileType = wrapper.cfbundle; includeInIndex = 0; path = ArfinanceUITests.xctest; sourceTree = BUILT_PRODUCTS_DIR; };
		8BCE03532903AA380084DFA9 /* ArfinanceUITests.swift */ = {isa = PBXFileReference; lastKnownFileType = sourcecode.swift; path = ArfinanceUITests.swift; sourceTree = "<group>"; };
		8BCE03552903AA380084DFA9 /* ArfinanceUITestsLaunchTests.swift */ = {isa = PBXFileReference; lastKnownFileType = sourcecode.swift; path = ArfinanceUITestsLaunchTests.swift; sourceTree = "<group>"; };
		8BCE036F2903AC8B0084DFA9 /* CoinSortOptionEnum.swift */ = {isa = PBXFileReference; lastKnownFileType = sourcecode.swift; path = CoinSortOptionEnum.swift; sourceTree = "<group>"; };
		8BCE03712903ACBB0084DFA9 /* ChevronDirectionEnum.swift */ = {isa = PBXFileReference; lastKnownFileType = sourcecode.swift; path = ChevronDirectionEnum.swift; sourceTree = "<group>"; };
		8BCE03752903ACE60084DFA9 /* Color.swift */ = {isa = PBXFileReference; lastKnownFileType = sourcecode.swift; path = Color.swift; sourceTree = "<group>"; };
		8BCE03782903AD0C0084DFA9 /* Date.swift */ = {isa = PBXFileReference; lastKnownFileType = sourcecode.swift; path = Date.swift; sourceTree = "<group>"; };
		8BCE037A2903AD200084DFA9 /* Double.swift */ = {isa = PBXFileReference; lastKnownFileType = sourcecode.swift; path = Double.swift; sourceTree = "<group>"; };
		8BCE037E2903AD500084DFA9 /* String.swift */ = {isa = PBXFileReference; lastKnownFileType = sourcecode.swift; path = String.swift; sourceTree = "<group>"; };
		8BCE03802903AD690084DFA9 /* UIApplication.swift */ = {isa = PBXFileReference; lastKnownFileType = sourcecode.swift; path = UIApplication.swift; sourceTree = "<group>"; };
		8BCE03832903AD830084DFA9 /* View.swift */ = {isa = PBXFileReference; lastKnownFileType = sourcecode.swift; path = View.swift; sourceTree = "<group>"; };
		8BCE03872903ADFD0084DFA9 /* Coin.swift */ = {isa = PBXFileReference; lastKnownFileType = sourcecode.swift; path = Coin.swift; sourceTree = "<group>"; };
		8BCE03892903AE380084DFA9 /* CoinDetail.swift */ = {isa = PBXFileReference; lastKnownFileType = sourcecode.swift; path = CoinDetail.swift; sourceTree = "<group>"; };
		8BCE038C2903AEEC0084DFA9 /* CoinGlobalMarket.swift */ = {isa = PBXFileReference; lastKnownFileType = sourcecode.swift; path = CoinGlobalMarket.swift; sourceTree = "<group>"; };
		8BCE038E2903AFE70084DFA9 /* CoinStatistic.swift */ = {isa = PBXFileReference; lastKnownFileType = sourcecode.swift; path = CoinStatistic.swift; sourceTree = "<group>"; };
		8BCE03912903B07F0084DFA9 /* LocalFileManager.swift */ = {isa = PBXFileReference; lastKnownFileType = sourcecode.swift; path = LocalFileManager.swift; sourceTree = "<group>"; };
		8BCE03932903B0C40084DFA9 /* NetworkManager.swift */ = {isa = PBXFileReference; lastKnownFileType = sourcecode.swift; path = NetworkManager.swift; sourceTree = "<group>"; };
		8BCE03972903B6190084DFA9 /* CoinLogoComponent.swift */ = {isa = PBXFileReference; lastKnownFileType = sourcecode.swift; path = CoinLogoComponent.swift; sourceTree = "<group>"; };
		8BCE03992903B6CB0084DFA9 /* DummyData.swift */ = {isa = PBXFileReference; lastKnownFileType = sourcecode.swift; path = DummyData.swift; sourceTree = "<group>"; };
		8BCE039B2903B8CD0084DFA9 /* CombineCancellable.swift */ = {isa = PBXFileReference; lastKnownFileType = sourcecode.swift; path = CombineCancellable.swift; sourceTree = "<group>"; };
		8BCE03A02903BB000084DFA9 /* CoinService.swift */ = {isa = PBXFileReference; lastKnownFileType = sourcecode.swift; path = CoinService.swift; sourceTree = "<group>"; };
		8BCE03A22903BCD10084DFA9 /* API.swift */ = {isa = PBXFileReference; lastKnownFileType = sourcecode.swift; path = API.swift; sourceTree = "<group>"; };
		8BCE03A52903C4A90084DFA9 /* CoinDetailVM.swift */ = {isa = PBXFileReference; lastKnownFileType = sourcecode.swift; path = CoinDetailVM.swift; sourceTree = "<group>"; };
		8BCE03A72903CF730084DFA9 /* SearchBarComponent.swift */ = {isa = PBXFileReference; lastKnownFileType = sourcecode.swift; path = SearchBarComponent.swift; sourceTree = "<group>"; };
		8BCE03A92903CF980084DFA9 /* XMarkButtonComponent.swift */ = {isa = PBXFileReference; lastKnownFileType = sourcecode.swift; path = XMarkButtonComponent.swift; sourceTree = "<group>"; };
		8BCE03AB2903CFB10084DFA9 /* SortButtonComponent.swift */ = {isa = PBXFileReference; lastKnownFileType = sourcecode.swift; path = SortButtonComponent.swift; sourceTree = "<group>"; };
		8BCE03AD2903CFC60084DFA9 /* CircleButtonComponent.swift */ = {isa = PBXFileReference; lastKnownFileType = sourcecode.swift; path = CircleButtonComponent.swift; sourceTree = "<group>"; };
		8BCE03AF2903CFDF0084DFA9 /* CoinListComponent.swift */ = {isa = PBXFileReference; lastKnownFileType = sourcecode.swift; path = CoinListComponent.swift; sourceTree = "<group>"; };
		8BCE03B12903CFF90084DFA9 /* CoinSymbolComponent.swift */ = {isa = PBXFileReference; lastKnownFileType = sourcecode.swift; path = CoinSymbolComponent.swift; sourceTree = "<group>"; };
		8BCE03B32903D06E0084DFA9 /* CoinRowComponent.swift */ = {isa = PBXFileReference; lastKnownFileType = sourcecode.swift; path = CoinRowComponent.swift; sourceTree = "<group>"; };
/* End PBXFileReference section */

/* Begin PBXFrameworksBuildPhase section */
		8BCE032D2903AA370084DFA9 /* Frameworks */ = {
			isa = PBXFrameworksBuildPhase;
			buildActionMask = 2147483647;
			files = (
			);
			runOnlyForDeploymentPostprocessing = 0;
		};
		8BCE03422903AA380084DFA9 /* Frameworks */ = {
			isa = PBXFrameworksBuildPhase;
			buildActionMask = 2147483647;
			files = (
			);
			runOnlyForDeploymentPostprocessing = 0;
		};
		8BCE034C2903AA380084DFA9 /* Frameworks */ = {
			isa = PBXFrameworksBuildPhase;
			buildActionMask = 2147483647;
			files = (
			);
			runOnlyForDeploymentPostprocessing = 0;
		};
/* End PBXFrameworksBuildPhase section */

/* Begin PBXGroup section */
		8B9C6FBD2903DEBA0076555D /* Home */ = {
			isa = PBXGroup;
			children = (
				8B9C6FBE2903DECE0076555D /* HomeHeaderComponent.swift */,
			);
			path = Home;
			sourceTree = "<group>";
		};
		8B9C6FC7290407AF0076555D /* Coins */ = {
			isa = PBXGroup;
			children = (
				8B9C6FC8290407C00076555D /* CoinDetailView.swift */,
			);
			path = Coins;
			sourceTree = "<group>";
		};
		8B9C6FCC2904220F0076555D /* CoreData */ = {
			isa = PBXGroup;
			children = (
				8B9C6FCD2904222B0076555D /* CoinPortfolio.xcdatamodeld */,
			);
			path = CoreData;
			sourceTree = "<group>";
		};
		8BCE03272903AA370084DFA9 = {
			isa = PBXGroup;
			children = (
				8BCE03322903AA370084DFA9 /* Arfinance */,
				8BCE03482903AA380084DFA9 /* ArfinanceTests */,
				8BCE03522903AA380084DFA9 /* ArfinanceUITests */,
				8BCE03312903AA370084DFA9 /* Products */,
			);
			sourceTree = "<group>";
		};
		8BCE03312903AA370084DFA9 /* Products */ = {
			isa = PBXGroup;
			children = (
				8BCE03302903AA370084DFA9 /* Arfinance.app */,
				8BCE03452903AA380084DFA9 /* ArfinanceTests.xctest */,
				8BCE034F2903AA380084DFA9 /* ArfinanceUITests.xctest */,
			);
			name = Products;
			sourceTree = "<group>";
		};
		8BCE03322903AA370084DFA9 /* Arfinance */ = {
			isa = PBXGroup;
			children = (
				8BCE03332903AA370084DFA9 /* ArfinanceApp.swift */,
				8B9C6FB92903DA2C0076555D /* Assets.xcassets */,
				8BCE03632903AA770084DFA9 /* Components */,
				8BCE03692903AAAF0084DFA9 /* Containers */,
				8B9C6FCC2904220F0076555D /* CoreData */,
				8BCE036D2903AC690084DFA9 /* Enums */,
				8BCE03672903AAA10084DFA9 /* Extensions */,
				8BCE03682903AAA70084DFA9 /* Helpers */,
				8BCE03902903B06E0084DFA9 /* Managers */,
				8BCE03652903AA940084DFA9 /* Models */,
				8BCE03392903AA380084DFA9 /* Preview Content */,
				8BCE03622903AA510084DFA9 /* Services */,
				8BCE03662903AA990084DFA9 /* ViewModels */,
				8BCE03642903AA8C0084DFA9 /* Views */,
			);
			path = Arfinance;
			sourceTree = "<group>";
		};
		8BCE03392903AA380084DFA9 /* Preview Content */ = {
			isa = PBXGroup;
			children = (
				8BCE033A2903AA380084DFA9 /* Preview Assets.xcassets */,
			);
			path = "Preview Content";
			sourceTree = "<group>";
		};
		8BCE03482903AA380084DFA9 /* ArfinanceTests */ = {
			isa = PBXGroup;
			children = (
				8BCE03492903AA380084DFA9 /* ArfinanceTests.swift */,
			);
			path = ArfinanceTests;
			sourceTree = "<group>";
		};
		8BCE03522903AA380084DFA9 /* ArfinanceUITests */ = {
			isa = PBXGroup;
			children = (
				8BCE03532903AA380084DFA9 /* ArfinanceUITests.swift */,
				8BCE03552903AA380084DFA9 /* ArfinanceUITestsLaunchTests.swift */,
			);
			path = ArfinanceUITests;
			sourceTree = "<group>";
		};
		8BCE03622903AA510084DFA9 /* Services */ = {
			isa = PBXGroup;
			children = (
				8BCE039D2903BA080084DFA9 /* Coins */,
			);
			path = Services;
			sourceTree = "<group>";
		};
		8BCE03632903AA770084DFA9 /* Components */ = {
			isa = PBXGroup;
			children = (
				8B9C6FBD2903DEBA0076555D /* Home */,
				8BCE03962903B58A0084DFA9 /* Coins */,
				8BCE03952903B57C0084DFA9 /* Buttons */,
				8BCE03A72903CF730084DFA9 /* SearchBarComponent.swift */,
			);
			path = Components;
			sourceTree = "<group>";
		};
		8BCE03642903AA8C0084DFA9 /* Views */ = {
			isa = PBXGroup;
			children = (
				8B9C6FC7290407AF0076555D /* Coins */,
				8B9C6FB72903D8680076555D /* HomeView.swift */,
			);
			path = Views;
			sourceTree = "<group>";
		};
		8BCE03652903AA940084DFA9 /* Models */ = {
			isa = PBXGroup;
			children = (
				8BCE038B2903AE560084DFA9 /* Coins */,
			);
			path = Models;
			sourceTree = "<group>";
		};
		8BCE03662903AA990084DFA9 /* ViewModels */ = {
			isa = PBXGroup;
			children = (
				8BCE03A42903C48F0084DFA9 /* Coins */,
				8B9C6FB52903D5D70076555D /* HomeVM.swift */,
			);
			path = ViewModels;
			sourceTree = "<group>";
		};
		8BCE03672903AAA10084DFA9 /* Extensions */ = {
			isa = PBXGroup;
			children = (
				8BCE03752903ACE60084DFA9 /* Color.swift */,
				8BCE03782903AD0C0084DFA9 /* Date.swift */,
				8BCE037A2903AD200084DFA9 /* Double.swift */,
				8BCE037E2903AD500084DFA9 /* String.swift */,
				8BCE03802903AD690084DFA9 /* UIApplication.swift */,
				8BCE03832903AD830084DFA9 /* View.swift */,
			);
			path = Extensions;
			sourceTree = "<group>";
		};
		8BCE03682903AAA70084DFA9 /* Helpers */ = {
			isa = PBXGroup;
			children = (
			);
			path = Helpers;
			sourceTree = "<group>";
		};
		8BCE03692903AAAF0084DFA9 /* Containers */ = {
			isa = PBXGroup;
			children = (
				8BCE03992903B6CB0084DFA9 /* DummyData.swift */,
				8BCE039B2903B8CD0084DFA9 /* CombineCancellable.swift */,
				8BCE03A22903BCD10084DFA9 /* API.swift */,
			);
			path = Containers;
			sourceTree = "<group>";
		};
		8BCE036D2903AC690084DFA9 /* Enums */ = {
			isa = PBXGroup;
			children = (
				8BCE036E2903AC710084DFA9 /* Coins */,
				8BCE03712903ACBB0084DFA9 /* ChevronDirectionEnum.swift */,
				8B9C6FC3290403A70076555D /* AppMenuEnum.swift */,
				8B9C6FD02904566E0076555D /* AxisEnum.swift */,
			);
			path = Enums;
			sourceTree = "<group>";
		};
		8BCE036E2903AC710084DFA9 /* Coins */ = {
			isa = PBXGroup;
			children = (
				8BCE036F2903AC8B0084DFA9 /* CoinSortOptionEnum.swift */,
			);
			path = Coins;
			sourceTree = "<group>";
		};
		8BCE038B2903AE560084DFA9 /* Coins */ = {
			isa = PBXGroup;
			children = (
				8BCE03872903ADFD0084DFA9 /* Coin.swift */,
				8BCE03892903AE380084DFA9 /* CoinDetail.swift */,
				8BCE038C2903AEEC0084DFA9 /* CoinGlobalMarket.swift */,
				8BCE038E2903AFE70084DFA9 /* CoinStatistic.swift */,
			);
			path = Coins;
			sourceTree = "<group>";
		};
		8BCE03902903B06E0084DFA9 /* Managers */ = {
			isa = PBXGroup;
			children = (
				8BCE03912903B07F0084DFA9 /* LocalFileManager.swift */,
				8BCE03932903B0C40084DFA9 /* NetworkManager.swift */,
			);
			path = Managers;
			sourceTree = "<group>";
		};
		8BCE03952903B57C0084DFA9 /* Buttons */ = {
			isa = PBXGroup;
			children = (
				8BCE03A92903CF980084DFA9 /* XMarkButtonComponent.swift */,
				8BCE03AB2903CFB10084DFA9 /* SortButtonComponent.swift */,
				8BCE03AD2903CFC60084DFA9 /* CircleButtonComponent.swift */,
			);
			path = Buttons;
			sourceTree = "<group>";
		};
		8BCE03962903B58A0084DFA9 /* Coins */ = {
			isa = PBXGroup;
			children = (
				8BCE03972903B6190084DFA9 /* CoinLogoComponent.swift */,
				8BCE03AF2903CFDF0084DFA9 /* CoinListComponent.swift */,
				8BCE03B12903CFF90084DFA9 /* CoinSymbolComponent.swift */,
				8BCE03B32903D06E0084DFA9 /* CoinRowComponent.swift */,
				8B9C6FAF2903D4270076555D /* CoinStatisticComponent.swift */,
				8B9C6FB32903D57C0076555D /* CoinStatisticHighlightComponent.swift */,
				8B9C6FC12903DF920076555D /* UpdateCoinPortfolioComponent.swift */,
			);
			path = Coins;
			sourceTree = "<group>";
		};
		8BCE039D2903BA080084DFA9 /* Coins */ = {
			isa = PBXGroup;
			children = (
				8BCE03A02903BB000084DFA9 /* CoinService.swift */,
				8B9C6FCA290411210076555D /* CoinPortfolioService.swift */,
			);
			path = Coins;
			sourceTree = "<group>";
		};
		8BCE03A42903C48F0084DFA9 /* Coins */ = {
			isa = PBXGroup;
			children = (
				8BCE03A52903C4A90084DFA9 /* CoinDetailVM.swift */,
			);
			path = Coins;
			sourceTree = "<group>";
		};
/* End PBXGroup section */

/* Begin PBXNativeTarget section */
		8BCE032F2903AA370084DFA9 /* Arfinance */ = {
			isa = PBXNativeTarget;
			buildConfigurationList = 8BCE03592903AA380084DFA9 /* Build configuration list for PBXNativeTarget "Arfinance" */;
			buildPhases = (
				8BCE032C2903AA370084DFA9 /* Sources */,
				8BCE032D2903AA370084DFA9 /* Frameworks */,
				8BCE032E2903AA370084DFA9 /* Resources */,
			);
			buildRules = (
			);
			dependencies = (
			);
			name = Arfinance;
			productName = Arfinance;
			productReference = 8BCE03302903AA370084DFA9 /* Arfinance.app */;
			productType = "com.apple.product-type.application";
		};
		8BCE03442903AA380084DFA9 /* ArfinanceTests */ = {
			isa = PBXNativeTarget;
			buildConfigurationList = 8BCE035C2903AA380084DFA9 /* Build configuration list for PBXNativeTarget "ArfinanceTests" */;
			buildPhases = (
				8BCE03412903AA380084DFA9 /* Sources */,
				8BCE03422903AA380084DFA9 /* Frameworks */,
				8BCE03432903AA380084DFA9 /* Resources */,
			);
			buildRules = (
			);
			dependencies = (
				8BCE03472903AA380084DFA9 /* PBXTargetDependency */,
			);
			name = ArfinanceTests;
			productName = ArfinanceTests;
			productReference = 8BCE03452903AA380084DFA9 /* ArfinanceTests.xctest */;
			productType = "com.apple.product-type.bundle.unit-test";
		};
		8BCE034E2903AA380084DFA9 /* ArfinanceUITests */ = {
			isa = PBXNativeTarget;
			buildConfigurationList = 8BCE035F2903AA380084DFA9 /* Build configuration list for PBXNativeTarget "ArfinanceUITests" */;
			buildPhases = (
				8BCE034B2903AA380084DFA9 /* Sources */,
				8BCE034C2903AA380084DFA9 /* Frameworks */,
				8BCE034D2903AA380084DFA9 /* Resources */,
			);
			buildRules = (
			);
			dependencies = (
				8BCE03512903AA380084DFA9 /* PBXTargetDependency */,
			);
			name = ArfinanceUITests;
			productName = ArfinanceUITests;
			productReference = 8BCE034F2903AA380084DFA9 /* ArfinanceUITests.xctest */;
			productType = "com.apple.product-type.bundle.ui-testing";
		};
/* End PBXNativeTarget section */

/* Begin PBXProject section */
		8BCE03282903AA370084DFA9 /* Project object */ = {
			isa = PBXProject;
			attributes = {
				BuildIndependentTargetsInParallel = 1;
				LastSwiftUpdateCheck = 1400;
				LastUpgradeCheck = 1400;
				TargetAttributes = {
					8BCE032F2903AA370084DFA9 = {
						CreatedOnToolsVersion = 14.0;
					};
					8BCE03442903AA380084DFA9 = {
						CreatedOnToolsVersion = 14.0;
						TestTargetID = 8BCE032F2903AA370084DFA9;
					};
					8BCE034E2903AA380084DFA9 = {
						CreatedOnToolsVersion = 14.0;
						TestTargetID = 8BCE032F2903AA370084DFA9;
					};
				};
			};
			buildConfigurationList = 8BCE032B2903AA370084DFA9 /* Build configuration list for PBXProject "Arfinance" */;
			compatibilityVersion = "Xcode 14.0";
			developmentRegion = en;
			hasScannedForEncodings = 0;
			knownRegions = (
				en,
				Base,
			);
			mainGroup = 8BCE03272903AA370084DFA9;
			productRefGroup = 8BCE03312903AA370084DFA9 /* Products */;
			projectDirPath = "";
			projectRoot = "";
			targets = (
				8BCE032F2903AA370084DFA9 /* Arfinance */,
				8BCE03442903AA380084DFA9 /* ArfinanceTests */,
				8BCE034E2903AA380084DFA9 /* ArfinanceUITests */,
			);
		};
/* End PBXProject section */

/* Begin PBXResourcesBuildPhase section */
		8BCE032E2903AA370084DFA9 /* Resources */ = {
			isa = PBXResourcesBuildPhase;
			buildActionMask = 2147483647;
			files = (
				8BCE033B2903AA380084DFA9 /* Preview Assets.xcassets in Resources */,
				8B9C6FBA2903DA2C0076555D /* Assets.xcassets in Resources */,
			);
			runOnlyForDeploymentPostprocessing = 0;
		};
		8BCE03432903AA380084DFA9 /* Resources */ = {
			isa = PBXResourcesBuildPhase;
			buildActionMask = 2147483647;
			files = (
			);
			runOnlyForDeploymentPostprocessing = 0;
		};
		8BCE034D2903AA380084DFA9 /* Resources */ = {
			isa = PBXResourcesBuildPhase;
			buildActionMask = 2147483647;
			files = (
			);
			runOnlyForDeploymentPostprocessing = 0;
		};
/* End PBXResourcesBuildPhase section */

/* Begin PBXSourcesBuildPhase section */
		8BCE032C2903AA370084DFA9 /* Sources */ = {
			isa = PBXSourcesBuildPhase;
			buildActionMask = 2147483647;
			files = (
				8BCE03A32903BCD10084DFA9 /* API.swift in Sources */,
				8BCE03722903ACBB0084DFA9 /* ChevronDirectionEnum.swift in Sources */,
				8BCE03792903AD0C0084DFA9 /* Date.swift in Sources */,
				8BCE03982903B6190084DFA9 /* CoinLogoComponent.swift in Sources */,
				8B9C6FB42903D57C0076555D /* CoinStatisticHighlightComponent.swift in Sources */,
				8BCE037F2903AD500084DFA9 /* String.swift in Sources */,
				8B9C6FD12904566E0076555D /* AxisEnum.swift in Sources */,
				8B9C6FBF2903DECE0076555D /* HomeHeaderComponent.swift in Sources */,
				8BCE03AE2903CFC60084DFA9 /* CircleButtonComponent.swift in Sources */,
				8BCE03AC2903CFB10084DFA9 /* SortButtonComponent.swift in Sources */,
				8BCE03B42903D06E0084DFA9 /* CoinRowComponent.swift in Sources */,
				8BCE03342903AA370084DFA9 /* ArfinanceApp.swift in Sources */,
				8BCE03702903AC8B0084DFA9 /* CoinSortOptionEnum.swift in Sources */,
				8B9C6FB02903D4280076555D /* CoinStatisticComponent.swift in Sources */,
				8BCE03A82903CF730084DFA9 /* SearchBarComponent.swift in Sources */,
				8B9C6FCB290411210076555D /* CoinPortfolioService.swift in Sources */,
				8BCE03B22903CFF90084DFA9 /* CoinSymbolComponent.swift in Sources */,
				8BCE03922903B07F0084DFA9 /* LocalFileManager.swift in Sources */,
				8BCE039A2903B6CB0084DFA9 /* DummyData.swift in Sources */,
				8BCE03B02903CFDF0084DFA9 /* CoinListComponent.swift in Sources */,
				8B9C6FC9290407C00076555D /* CoinDetailView.swift in Sources */,
				8BCE039C2903B8CD0084DFA9 /* CombineCancellable.swift in Sources */,
				8B9C6FB62903D5D70076555D /* HomeVM.swift in Sources */,
				8BCE03882903ADFD0084DFA9 /* Coin.swift in Sources */,
				8BCE038F2903AFE70084DFA9 /* CoinStatistic.swift in Sources */,
				8B9C6FC22903DF920076555D /* UpdateCoinPortfolioComponent.swift in Sources */,
				8BCE03942903B0C40084DFA9 /* NetworkManager.swift in Sources */,
				8B9C6FCF2904222B0076555D /* CoinPortfolio.xcdatamodeld in Sources */,
				8BCE038D2903AEEC0084DFA9 /* CoinGlobalMarket.swift in Sources */,
				8BCE03762903ACE60084DFA9 /* Color.swift in Sources */,
				8BCE03AA2903CF980084DFA9 /* XMarkButtonComponent.swift in Sources */,
				8BCE03A62903C4A90084DFA9 /* CoinDetailVM.swift in Sources */,
				8B9C6FB82903D8680076555D /* HomeView.swift in Sources */,
				8BCE03812903AD690084DFA9 /* UIApplication.swift in Sources */,
				8BCE038A2903AE380084DFA9 /* CoinDetail.swift in Sources */,
				8BCE03842903AD830084DFA9 /* View.swift in Sources */,
				8BCE03A12903BB000084DFA9 /* CoinService.swift in Sources */,
				8BCE037B2903AD200084DFA9 /* Double.swift in Sources */,
				8B9C6FC4290403A70076555D /* AppMenuEnum.swift in Sources */,
			);
			runOnlyForDeploymentPostprocessing = 0;
		};
		8BCE03412903AA380084DFA9 /* Sources */ = {
			isa = PBXSourcesBuildPhase;
			buildActionMask = 2147483647;
			files = (
				8BCE034A2903AA380084DFA9 /* ArfinanceTests.swift in Sources */,
			);
			runOnlyForDeploymentPostprocessing = 0;
		};
		8BCE034B2903AA380084DFA9 /* Sources */ = {
			isa = PBXSourcesBuildPhase;
			buildActionMask = 2147483647;
			files = (
				8BCE03562903AA380084DFA9 /* ArfinanceUITestsLaunchTests.swift in Sources */,
				8BCE03542903AA380084DFA9 /* ArfinanceUITests.swift in Sources */,
			);
			runOnlyForDeploymentPostprocessing = 0;
		};
/* End PBXSourcesBuildPhase section */

/* Begin PBXTargetDependency section */
		8BCE03472903AA380084DFA9 /* PBXTargetDependency */ = {
			isa = PBXTargetDependency;
			target = 8BCE032F2903AA370084DFA9 /* Arfinance */;
			targetProxy = 8BCE03462903AA380084DFA9 /* PBXContainerItemProxy */;
		};
		8BCE03512903AA380084DFA9 /* PBXTargetDependency */ = {
			isa = PBXTargetDependency;
			target = 8BCE032F2903AA370084DFA9 /* Arfinance */;
			targetProxy = 8BCE03502903AA380084DFA9 /* PBXContainerItemProxy */;
		};
/* End PBXTargetDependency section */

/* Begin XCBuildConfiguration section */
		8BCE03572903AA380084DFA9 /* Debug */ = {
			isa = XCBuildConfiguration;
			buildSettings = {
				ALWAYS_SEARCH_USER_PATHS = NO;
				CLANG_ANALYZER_NONNULL = YES;
				CLANG_ANALYZER_NUMBER_OBJECT_CONVERSION = YES_AGGRESSIVE;
				CLANG_CXX_LANGUAGE_STANDARD = "gnu++20";
				CLANG_ENABLE_MODULES = YES;
				CLANG_ENABLE_OBJC_ARC = YES;
				CLANG_ENABLE_OBJC_WEAK = YES;
				CLANG_WARN_BLOCK_CAPTURE_AUTORELEASING = YES;
				CLANG_WARN_BOOL_CONVERSION = YES;
				CLANG_WARN_COMMA = YES;
				CLANG_WARN_CONSTANT_CONVERSION = YES;
				CLANG_WARN_DEPRECATED_OBJC_IMPLEMENTATIONS = YES;
				CLANG_WARN_DIRECT_OBJC_ISA_USAGE = YES_ERROR;
				CLANG_WARN_DOCUMENTATION_COMMENTS = YES;
				CLANG_WARN_EMPTY_BODY = YES;
				CLANG_WARN_ENUM_CONVERSION = YES;
				CLANG_WARN_INFINITE_RECURSION = YES;
				CLANG_WARN_INT_CONVERSION = YES;
				CLANG_WARN_NON_LITERAL_NULL_CONVERSION = YES;
				CLANG_WARN_OBJC_IMPLICIT_RETAIN_SELF = YES;
				CLANG_WARN_OBJC_LITERAL_CONVERSION = YES;
				CLANG_WARN_OBJC_ROOT_CLASS = YES_ERROR;
				CLANG_WARN_QUOTED_INCLUDE_IN_FRAMEWORK_HEADER = YES;
				CLANG_WARN_RANGE_LOOP_ANALYSIS = YES;
				CLANG_WARN_STRICT_PROTOTYPES = YES;
				CLANG_WARN_SUSPICIOUS_MOVE = YES;
				CLANG_WARN_UNGUARDED_AVAILABILITY = YES_AGGRESSIVE;
				CLANG_WARN_UNREACHABLE_CODE = YES;
				CLANG_WARN__DUPLICATE_METHOD_MATCH = YES;
				COPY_PHASE_STRIP = NO;
				DEBUG_INFORMATION_FORMAT = dwarf;
				ENABLE_STRICT_OBJC_MSGSEND = YES;
				ENABLE_TESTABILITY = YES;
				GCC_C_LANGUAGE_STANDARD = gnu11;
				GCC_DYNAMIC_NO_PIC = NO;
				GCC_NO_COMMON_BLOCKS = YES;
				GCC_OPTIMIZATION_LEVEL = 0;
				GCC_PREPROCESSOR_DEFINITIONS = (
					"DEBUG=1",
					"$(inherited)",
				);
				GCC_WARN_64_TO_32_BIT_CONVERSION = YES;
				GCC_WARN_ABOUT_RETURN_TYPE = YES_ERROR;
				GCC_WARN_UNDECLARED_SELECTOR = YES;
				GCC_WARN_UNINITIALIZED_AUTOS = YES_AGGRESSIVE;
				GCC_WARN_UNUSED_FUNCTION = YES;
				GCC_WARN_UNUSED_VARIABLE = YES;
				IPHONEOS_DEPLOYMENT_TARGET = 16.0;
				MTL_ENABLE_DEBUG_INFO = INCLUDE_SOURCE;
				MTL_FAST_MATH = YES;
				ONLY_ACTIVE_ARCH = YES;
				SDKROOT = iphoneos;
				SWIFT_ACTIVE_COMPILATION_CONDITIONS = DEBUG;
				SWIFT_OPTIMIZATION_LEVEL = "-Onone";
			};
			name = Debug;
		};
		8BCE03582903AA380084DFA9 /* Release */ = {
			isa = XCBuildConfiguration;
			buildSettings = {
				ALWAYS_SEARCH_USER_PATHS = NO;
				CLANG_ANALYZER_NONNULL = YES;
				CLANG_ANALYZER_NUMBER_OBJECT_CONVERSION = YES_AGGRESSIVE;
				CLANG_CXX_LANGUAGE_STANDARD = "gnu++20";
				CLANG_ENABLE_MODULES = YES;
				CLANG_ENABLE_OBJC_ARC = YES;
				CLANG_ENABLE_OBJC_WEAK = YES;
				CLANG_WARN_BLOCK_CAPTURE_AUTORELEASING = YES;
				CLANG_WARN_BOOL_CONVERSION = YES;
				CLANG_WARN_COMMA = YES;
				CLANG_WARN_CONSTANT_CONVERSION = YES;
				CLANG_WARN_DEPRECATED_OBJC_IMPLEMENTATIONS = YES;
				CLANG_WARN_DIRECT_OBJC_ISA_USAGE = YES_ERROR;
				CLANG_WARN_DOCUMENTATION_COMMENTS = YES;
				CLANG_WARN_EMPTY_BODY = YES;
				CLANG_WARN_ENUM_CONVERSION = YES;
				CLANG_WARN_INFINITE_RECURSION = YES;
				CLANG_WARN_INT_CONVERSION = YES;
				CLANG_WARN_NON_LITERAL_NULL_CONVERSION = YES;
				CLANG_WARN_OBJC_IMPLICIT_RETAIN_SELF = YES;
				CLANG_WARN_OBJC_LITERAL_CONVERSION = YES;
				CLANG_WARN_OBJC_ROOT_CLASS = YES_ERROR;
				CLANG_WARN_QUOTED_INCLUDE_IN_FRAMEWORK_HEADER = YES;
				CLANG_WARN_RANGE_LOOP_ANALYSIS = YES;
				CLANG_WARN_STRICT_PROTOTYPES = YES;
				CLANG_WARN_SUSPICIOUS_MOVE = YES;
				CLANG_WARN_UNGUARDED_AVAILABILITY = YES_AGGRESSIVE;
				CLANG_WARN_UNREACHABLE_CODE = YES;
				CLANG_WARN__DUPLICATE_METHOD_MATCH = YES;
				COPY_PHASE_STRIP = NO;
				DEBUG_INFORMATION_FORMAT = "dwarf-with-dsym";
				ENABLE_NS_ASSERTIONS = NO;
				ENABLE_STRICT_OBJC_MSGSEND = YES;
				GCC_C_LANGUAGE_STANDARD = gnu11;
				GCC_NO_COMMON_BLOCKS = YES;
				GCC_WARN_64_TO_32_BIT_CONVERSION = YES;
				GCC_WARN_ABOUT_RETURN_TYPE = YES_ERROR;
				GCC_WARN_UNDECLARED_SELECTOR = YES;
				GCC_WARN_UNINITIALIZED_AUTOS = YES_AGGRESSIVE;
				GCC_WARN_UNUSED_FUNCTION = YES;
				GCC_WARN_UNUSED_VARIABLE = YES;
				IPHONEOS_DEPLOYMENT_TARGET = 16.0;
				MTL_ENABLE_DEBUG_INFO = NO;
				MTL_FAST_MATH = YES;
				SDKROOT = iphoneos;
				SWIFT_COMPILATION_MODE = wholemodule;
				SWIFT_OPTIMIZATION_LEVEL = "-O";
				VALIDATE_PRODUCT = YES;
			};
			name = Release;
		};
		8BCE035A2903AA380084DFA9 /* Debug */ = {
			isa = XCBuildConfiguration;
			buildSettings = {
				ASSETCATALOG_COMPILER_APPICON_NAME = AppIcon;
				ASSETCATALOG_COMPILER_GLOBAL_ACCENT_COLOR_NAME = AccentColor;
				CODE_SIGN_STYLE = Automatic;
				CURRENT_PROJECT_VERSION = 1;
				DEVELOPMENT_ASSET_PATHS = "\"Arfinance/Preview Content\"";
				DEVELOPMENT_TEAM = N4JXQZ23WC;
				ENABLE_PREVIEWS = YES;
				GENERATE_INFOPLIST_FILE = YES;
				INFOPLIST_KEY_UIApplicationSceneManifest_Generation = YES;
				INFOPLIST_KEY_UIApplicationSupportsIndirectInputEvents = YES;
				INFOPLIST_KEY_UILaunchScreen_Generation = YES;
				INFOPLIST_KEY_UISupportedInterfaceOrientations_iPad = "UIInterfaceOrientationPortrait UIInterfaceOrientationPortraitUpsideDown UIInterfaceOrientationLandscapeLeft UIInterfaceOrientationLandscapeRight";
				INFOPLIST_KEY_UISupportedInterfaceOrientations_iPhone = "UIInterfaceOrientationPortrait UIInterfaceOrientationLandscapeLeft UIInterfaceOrientationLandscapeRight";
				LD_RUNPATH_SEARCH_PATHS = (
					"$(inherited)",
					"@executable_path/Frameworks",
				);
				MARKETING_VERSION = 1.0;
				PRODUCT_BUNDLE_IDENTIFIER = Arfanxn.Arfinance;
				PRODUCT_NAME = "$(TARGET_NAME)";
				SWIFT_EMIT_LOC_STRINGS = YES;
				SWIFT_VERSION = 5.0;
				TARGETED_DEVICE_FAMILY = "1,2";
			};
			name = Debug;
		};
		8BCE035B2903AA380084DFA9 /* Release */ = {
			isa = XCBuildConfiguration;
			buildSettings = {
				ASSETCATALOG_COMPILER_APPICON_NAME = AppIcon;
				ASSETCATALOG_COMPILER_GLOBAL_ACCENT_COLOR_NAME = AccentColor;
				CODE_SIGN_STYLE = Automatic;
				CURRENT_PROJECT_VERSION = 1;
				DEVELOPMENT_ASSET_PATHS = "\"Arfinance/Preview Content\"";
				DEVELOPMENT_TEAM = N4JXQZ23WC;
				ENABLE_PREVIEWS = YES;
				GENERATE_INFOPLIST_FILE = YES;
				INFOPLIST_KEY_UIApplicationSceneManifest_Generation = YES;
				INFOPLIST_KEY_UIApplicationSupportsIndirectInputEvents = YES;
				INFOPLIST_KEY_UILaunchScreen_Generation = YES;
				INFOPLIST_KEY_UISupportedInterfaceOrientations_iPad = "UIInterfaceOrientationPortrait UIInterfaceOrientationPortraitUpsideDown UIInterfaceOrientationLandscapeLeft UIInterfaceOrientationLandscapeRight";
				INFOPLIST_KEY_UISupportedInterfaceOrientations_iPhone = "UIInterfaceOrientationPortrait UIInterfaceOrientationLandscapeLeft UIInterfaceOrientationLandscapeRight";
				LD_RUNPATH_SEARCH_PATHS = (
					"$(inherited)",
					"@executable_path/Frameworks",
				);
				MARKETING_VERSION = 1.0;
				PRODUCT_BUNDLE_IDENTIFIER = Arfanxn.Arfinance;
				PRODUCT_NAME = "$(TARGET_NAME)";
				SWIFT_EMIT_LOC_STRINGS = YES;
				SWIFT_VERSION = 5.0;
				TARGETED_DEVICE_FAMILY = "1,2";
			};
			name = Release;
		};
		8BCE035D2903AA380084DFA9 /* Debug */ = {
			isa = XCBuildConfiguration;
			buildSettings = {
				ALWAYS_EMBED_SWIFT_STANDARD_LIBRARIES = YES;
				BUNDLE_LOADER = "$(TEST_HOST)";
				CODE_SIGN_STYLE = Automatic;
				CURRENT_PROJECT_VERSION = 1;
				DEVELOPMENT_TEAM = N4JXQZ23WC;
				GENERATE_INFOPLIST_FILE = YES;
				IPHONEOS_DEPLOYMENT_TARGET = 16.0;
				MARKETING_VERSION = 1.0;
				PRODUCT_BUNDLE_IDENTIFIER = Arfanxn.ArfinanceTests;
				PRODUCT_NAME = "$(TARGET_NAME)";
				SWIFT_EMIT_LOC_STRINGS = NO;
				SWIFT_VERSION = 5.0;
				TARGETED_DEVICE_FAMILY = "1,2";
				TEST_HOST = "$(BUILT_PRODUCTS_DIR)/Arfinance.app/$(BUNDLE_EXECUTABLE_FOLDER_PATH)/Arfinance";
			};
			name = Debug;
		};
		8BCE035E2903AA380084DFA9 /* Release */ = {
			isa = XCBuildConfiguration;
			buildSettings = {
				ALWAYS_EMBED_SWIFT_STANDARD_LIBRARIES = YES;
				BUNDLE_LOADER = "$(TEST_HOST)";
				CODE_SIGN_STYLE = Automatic;
				CURRENT_PROJECT_VERSION = 1;
				DEVELOPMENT_TEAM = N4JXQZ23WC;
				GENERATE_INFOPLIST_FILE = YES;
				IPHONEOS_DEPLOYMENT_TARGET = 16.0;
				MARKETING_VERSION = 1.0;
				PRODUCT_BUNDLE_IDENTIFIER = Arfanxn.ArfinanceTests;
				PRODUCT_NAME = "$(TARGET_NAME)";
				SWIFT_EMIT_LOC_STRINGS = NO;
				SWIFT_VERSION = 5.0;
				TARGETED_DEVICE_FAMILY = "1,2";
				TEST_HOST = "$(BUILT_PRODUCTS_DIR)/Arfinance.app/$(BUNDLE_EXECUTABLE_FOLDER_PATH)/Arfinance";
			};
			name = Release;
		};
		8BCE03602903AA380084DFA9 /* Debug */ = {
			isa = XCBuildConfiguration;
			buildSettings = {
				ALWAYS_EMBED_SWIFT_STANDARD_LIBRARIES = YES;
				CODE_SIGN_STYLE = Automatic;
				CURRENT_PROJECT_VERSION = 1;
				DEVELOPMENT_TEAM = N4JXQZ23WC;
				GENERATE_INFOPLIST_FILE = YES;
				MARKETING_VERSION = 1.0;
				PRODUCT_BUNDLE_IDENTIFIER = Arfanxn.ArfinanceUITests;
				PRODUCT_NAME = "$(TARGET_NAME)";
				SWIFT_EMIT_LOC_STRINGS = NO;
				SWIFT_VERSION = 5.0;
				TARGETED_DEVICE_FAMILY = "1,2";
				TEST_TARGET_NAME = Arfinance;
			};
			name = Debug;
		};
		8BCE03612903AA380084DFA9 /* Release */ = {
			isa = XCBuildConfiguration;
			buildSettings = {
				ALWAYS_EMBED_SWIFT_STANDARD_LIBRARIES = YES;
				CODE_SIGN_STYLE = Automatic;
				CURRENT_PROJECT_VERSION = 1;
				DEVELOPMENT_TEAM = N4JXQZ23WC;
				GENERATE_INFOPLIST_FILE = YES;
				MARKETING_VERSION = 1.0;
				PRODUCT_BUNDLE_IDENTIFIER = Arfanxn.ArfinanceUITests;
				PRODUCT_NAME = "$(TARGET_NAME)";
				SWIFT_EMIT_LOC_STRINGS = NO;
				SWIFT_VERSION = 5.0;
				TARGETED_DEVICE_FAMILY = "1,2";
				TEST_TARGET_NAME = Arfinance;
			};
			name = Release;
		};
/* End XCBuildConfiguration section */

/* Begin XCConfigurationList section */
		8BCE032B2903AA370084DFA9 /* Build configuration list for PBXProject "Arfinance" */ = {
			isa = XCConfigurationList;
			buildConfigurations = (
				8BCE03572903AA380084DFA9 /* Debug */,
				8BCE03582903AA380084DFA9 /* Release */,
			);
			defaultConfigurationIsVisible = 0;
			defaultConfigurationName = Release;
		};
		8BCE03592903AA380084DFA9 /* Build configuration list for PBXNativeTarget "Arfinance" */ = {
			isa = XCConfigurationList;
			buildConfigurations = (
				8BCE035A2903AA380084DFA9 /* Debug */,
				8BCE035B2903AA380084DFA9 /* Release */,
			);
			defaultConfigurationIsVisible = 0;
			defaultConfigurationName = Release;
		};
		8BCE035C2903AA380084DFA9 /* Build configuration list for PBXNativeTarget "ArfinanceTests" */ = {
			isa = XCConfigurationList;
			buildConfigurations = (
				8BCE035D2903AA380084DFA9 /* Debug */,
				8BCE035E2903AA380084DFA9 /* Release */,
			);
			defaultConfigurationIsVisible = 0;
			defaultConfigurationName = Release;
		};
		8BCE035F2903AA380084DFA9 /* Build configuration list for PBXNativeTarget "ArfinanceUITests" */ = {
			isa = XCConfigurationList;
			buildConfigurations = (
				8BCE03602903AA380084DFA9 /* Debug */,
				8BCE03612903AA380084DFA9 /* Release */,
			);
			defaultConfigurationIsVisible = 0;
			defaultConfigurationName = Release;
		};
/* End XCConfigurationList section */

/* Begin XCVersionGroup section */
		8B9C6FCD2904222B0076555D /* CoinPortfolio.xcdatamodeld */ = {
			isa = XCVersionGroup;
			children = (
				8B9C6FCE2904222B0076555D /* CoinPortfolio.xcdatamodel */,
			);
			currentVersion = 8B9C6FCE2904222B0076555D /* CoinPortfolio.xcdatamodel */;
			path = CoinPortfolio.xcdatamodeld;
			sourceTree = "<group>";
			versionGroupType = wrapper.xcdatamodel;
		};
/* End XCVersionGroup section */
	};
	rootObject = 8BCE03282903AA370084DFA9 /* Project object */;
}
